
Microsoft Visual Studio Solution File, Format Version 12.00
Project("{FAE04EC0-301F-11D3-BF4B-00C04F79EFBC}") = "WebApplicationTests", "WebApplicationTests\WebApplicationTests.csproj", "{E6666144-7547-4B23-91F4-D5DF6EE0B0BD}"
EndProject
Project("{FAE04EC0-301F-11D3-BF4B-00C04F79EFBC}") = "WebApplicationCore", "WebApplicationCore\WebApplicationCore.csproj", "{0FF5C0A2-6CDA-4247-94F0-A624574981AF}"
EndProject
Project("{FAE04EC0-301F-11D3-BF4B-00C04F79EFBC}") = "WebApplicationUtilities", "WebApplicationUtilities\WebApplicationUtilities.csproj", "{B31008D9-B814-4858-925F-9C74603C23A9}"
EndProject
Project("{FAE04EC0-301F-11D3-BF4B-00C04F79EFBC}") = "WebApplicationWeb", "WebApplicationWeb\WebApplicationWeb.csproj", "{C906D031-FA68-4689-99AB-15A66C8C63D4}"
EndProject
Project("{FAE04EC0-301F-11D3-BF4B-00C04F79EFBC}") = "WebApplication.API1", "WebApplication.API1\WebApplication.API1.csproj", "{814B5C85-3501-4B40-9EED-C54849C24B22}"
EndProject
Project("{FAE04EC0-301F-11D3-BF4B-00C04F79EFBC}") = "WebApplication.API.Tests1", "WebApplication.API.Tests1\WebApplication.API.Tests1.csproj", "{F18EA9A0-B132-40A4-8D36-7394BE4A78A8}"
EndProject
Global
	GlobalSection(SolutionConfigurationPlatforms) = preSolution
		Debug|Any CPU = Debug|Any CPU
		Release|Any CPU = Release|Any CPU
	EndGlobalSection
	GlobalSection(ProjectConfigurationPlatforms) = postSolution
		{E6666144-7547-4B23-91F4-D5DF6EE0B0BD}.Debug|Any CPU.ActiveCfg = Debug|Any CPU
		{E6666144-7547-4B23-91F4-D5DF6EE0B0BD}.Debug|Any CPU.Build.0 = Debug|Any CPU
		{E6666144-7547-4B23-91F4-D5DF6EE0B0BD}.Release|Any CPU.ActiveCfg = Release|Any CPU
		{E6666144-7547-4B23-91F4-D5DF6EE0B0BD}.Release|Any CPU.Build.0 = Release|Any CPU
		{0FF5C0A2-6CDA-4247-94F0-A624574981AF}.Debug|Any CPU.ActiveCfg = Debug|Any CPU
		{0FF5C0A2-6CDA-4247-94F0-A624574981AF}.Debug|Any CPU.Build.0 = Debug|Any CPU
		{0FF5C0A2-6CDA-4247-94F0-A624574981AF}.Release|Any CPU.ActiveCfg = Release|Any CPU
		{0FF5C0A2-6CDA-4247-94F0-A624574981AF}.Release|Any CPU.Build.0 = Release|Any CPU
		{B31008D9-B814-4858-925F-9C74603C23A9}.Debug|Any CPU.ActiveCfg = Debug|Any CPU
		{B31008D9-B814-4858-925F-9C74603C23A9}.Debug|Any CPU.Build.0 = Debug|Any CPU
		{B31008D9-B814-4858-925F-9C74603C23A9}.Release|Any CPU.ActiveCfg = Release|Any CPU
		{B31008D9-B814-4858-925F-9C74603C23A9}.Release|Any CPU.Build.0 = Release|Any CPU
		{C906D031-FA68-4689-99AB-15A66C8C63D4}.Debug|Any CPU.ActiveCfg = Debug|Any CPU
		{C906D031-FA68-4689-99AB-15A66C8C63D4}.Debug|Any CPU.Build.0 = Debug|Any CPU
		{C906D031-FA68-4689-99AB-15A66C8C63D4}.Release|Any CPU.ActiveCfg = Release|Any CPU
		{C906D031-FA68-4689-99AB-15A66C8C63D4}.Release|Any CPU.Build.0 = Release|Any CPU
		{814B5C85-3501-4B40-9EED-C54849C24B22}.Debug|Any CPU.ActiveCfg = Debug|Any CPU
		{814B5C85-3501-4B40-9EED-C54849C24B22}.Debug|Any CPU.Build.0 = Debug|Any CPU
		{814B5C85-3501-4B40-9EED-C54849C24B22}.Release|Any CPU.ActiveCfg = Release|Any CPU
		{814B5C85-3501-4B40-9EED-C54849C24B22}.Release|Any CPU.Build.0 = Release|Any CPU
		{F18EA9A0-B132-40A4-8D36-7394BE4A78A8}.Debug|Any CPU.ActiveCfg = Debug|Any CPU
		{F18EA9A0-B132-40A4-8D36-7394BE4A78A8}.Debug|Any CPU.Build.0 = Debug|Any CPU
		{F18EA9A0-B132-40A4-8D36-7394BE4A78A8}.Release|Any CPU.ActiveCfg = Release|Any CPU
		{F18EA9A0-B132-40A4-8D36-7394BE4A78A8}.Release|Any CPU.Build.0 = Release|Any CPU
	EndGlobalSection
EndGlobal
